
Microsoft Visual Studio Solution File, Format Version 12.00
# Visual Studio 15
VisualStudioVersion = 15.0.28010.2016
MinimumVisualStudioVersion = 10.0.40219.1
Project("{FAE04EC0-301F-11D3-BF4B-00C04F79EFBC}") = "Search DataGridView", "Search DataGridView\Search DataGridView.csproj", "{D108C9F8-E635-45C1-84BF-7E9CB202B9C6}"
EndProject
Global
	GlobalSection(SolutionConfigurationPlatforms) = preSolution
		Debug|Any CPU = Debug|Any CPU
		Release|Any CPU = Release|Any CPU
	EndGlobalSection
	GlobalSection(ProjectConfigurationPlatforms) = postSolution
		{D108C9F8-E635-45C1-84BF-7E9CB202B9C6}.Debug|Any CPU.ActiveCfg = Debug|Any CPU
		{D108C9F8-E635-45C1-84BF-7E9CB202B9C6}.Debug|Any CPU.Build.0 = Debug|Any CPU
		{D108C9F8-E635-45C1-84BF-7E9CB202B9C6}.Release|Any CPU.ActiveCfg = Release|Any CPU
		{D108C9F8-E635-45C1-84BF-7E9CB202B9C6}.Release|Any CPU.Build.0 = Release|Any CPU
	EndGlobalSection
	GlobalSection(SolutionProperties) = preSolution
		HideSolutionNode = FALSE
	EndGlobalSection
	GlobalSection(ExtensibilityGlobals) = postSolution
		SolutionGuid = {E142C29A-7720-4DF4-9F6F-E9636DCAE2F8}
	EndGlobalSection
EndGlobal
